
Microsoft Visual Studio Solution File, Format Version 12.00
# Visual Studio Version 17
VisualStudioVersion = 17.7.34024.191
MinimumVisualStudioVersion = 10.0.40219.1
Project("{8BC9CEB8-8B4A-11D0-8D11-00A0C91BC942}") = "Lab-6", "Lab-6\Lab-6.vcxproj", "{DA8DCE24-768E-4BF5-ABCC-4FEA9A710FFF}"
EndProject
Project("{8BC9CEB8-8B4A-11D0-8D11-00A0C91BC942}") = "Task-2", "Task-2\Task-2.vcxproj", "{8554CB1E-92EC-41D9-BA0D-0A7F1A2FF674}"
EndProject
Project("{8BC9CEB8-8B4A-11D0-8D11-00A0C91BC942}") = "Task-3", "Task-3\Task-3.vcxproj", "{EC58EEE5-B05B-4433-8091-BFF7D041D824}"
EndProject
Project("{8BC9CEB8-8B4A-11D0-8D11-00A0C91BC942}") = "Task-3-F", "Task-3-F\Task-3-F.vcxproj", "{0943782F-AA15-4026-91E4-9CF80C95BA62}"
EndProject
Project("{8BC9CEB8-8B4A-11D0-8D11-00A0C91BC942}") = "Task-3-S", "Task-3-S\Task-3-S.vcxproj", "{17F90A11-E2EC-447E-AB02-C85C2ACCA13D}"
EndProject
Project("{8BC9CEB8-8B4A-11D0-8D11-00A0C91BC942}") = "Task-4", "Task-4\Task-4.vcxproj", "{0689FA43-FA70-4A23-B904-7DAF55FBC573}"
EndProject
Project("{8BC9CEB8-8B4A-11D0-8D11-00A0C91BC942}") = "Task-4-F", "Task-4-F\Task-4-F.vcxproj", "{19957504-0016-46C8-8E09-830618A88C10}"
EndProject
Project("{8BC9CEB8-8B4A-11D0-8D11-00A0C91BC942}") = "Task-4-S", "Task-4-S\Task-4-S.vcxproj", "{0B95F067-441F-4CD1-BCB2-A08C1B350521}"
EndProject
Project("{8BC9CEB8-8B4A-11D0-8D11-00A0C91BC942}") = "Task-5", "Task-5\Task-5.vcxproj", "{65C5BBA7-961C-4C9A-B365-8B8B13015208}"
EndProject
Project("{8BC9CEB8-8B4A-11D0-8D11-00A0C91BC942}") = "Task-5-F", "Task-5-F\Task-5-F.vcxproj", "{8DC336C0-4F61-408D-BB33-03FB9473158F}"
EndProject
Project("{8BC9CEB8-8B4A-11D0-8D11-00A0C91BC942}") = "Task-5-S", "Task-5-S\Task-5-S.vcxproj", "{7CA8FCEA-7E2C-4C8D-AB01-ACC9CD8A0282}"
EndProject
Global
	GlobalSection(SolutionConfigurationPlatforms) = preSolution
		Debug|x64 = Debug|x64
		Debug|x86 = Debug|x86
		Release|x64 = Release|x64
		Release|x86 = Release|x86
	EndGlobalSection
	GlobalSection(ProjectConfigurationPlatforms) = postSolution
		{DA8DCE24-768E-4BF5-ABCC-4FEA9A710FFF}.Debug|x64.ActiveCfg = Debug|x64
		{DA8DCE24-768E-4BF5-ABCC-4FEA9A710FFF}.Debug|x64.Build.0 = Debug|x64
		{DA8DCE24-768E-4BF5-ABCC-4FEA9A710FFF}.Debug|x86.ActiveCfg = Debug|Win32
		{DA8DCE24-768E-4BF5-ABCC-4FEA9A710FFF}.Debug|x86.Build.0 = Debug|Win32
		{DA8DCE24-768E-4BF5-ABCC-4FEA9A710FFF}.Release|x64.ActiveCfg = Release|x64
		{DA8DCE24-768E-4BF5-ABCC-4FEA9A710FFF}.Release|x64.Build.0 = Release|x64
		{DA8DCE24-768E-4BF5-ABCC-4FEA9A710FFF}.Release|x86.ActiveCfg = Release|Win32
		{DA8DCE24-768E-4BF5-ABCC-4FEA9A710FFF}.Release|x86.Build.0 = Release|Win32
		{8554CB1E-92EC-41D9-BA0D-0A7F1A2FF674}.Debug|x64.ActiveCfg = Debug|x64
		{8554CB1E-92EC-41D9-BA0D-0A7F1A2FF674}.Debug|x64.Build.0 = Debug|x64
		{8554CB1E-92EC-41D9-BA0D-0A7F1A2FF674}.Debug|x86.ActiveCfg = Debug|Win32
		{8554CB1E-92EC-41D9-BA0D-0A7F1A2FF674}.Debug|x86.Build.0 = Debug|Win32
		{8554CB1E-92EC-41D9-BA0D-0A7F1A2FF674}.Release|x64.ActiveCfg = Release|x64
		{8554CB1E-92EC-41D9-BA0D-0A7F1A2FF674}.Release|x64.Build.0 = Release|x64
		{8554CB1E-92EC-41D9-BA0D-0A7F1A2FF674}.Release|x86.ActiveCfg = Release|Win32
		{8554CB1E-92EC-41D9-BA0D-0A7F1A2FF674}.Release|x86.Build.0 = Release|Win32
		{EC58EEE5-B05B-4433-8091-BFF7D041D824}.Debug|x64.ActiveCfg = Debug|x64
		{EC58EEE5-B05B-4433-8091-BFF7D041D824}.Debug|x64.Build.0 = Debug|x64
		{EC58EEE5-B05B-4433-8091-BFF7D041D824}.Debug|x86.ActiveCfg = Debug|Win32
		{EC58EEE5-B05B-4433-8091-BFF7D041D824}.Debug|x86.Build.0 = Debug|Win32
		{EC58EEE5-B05B-4433-8091-BFF7D041D824}.Release|x64.ActiveCfg = Release|x64
		{EC58EEE5-B05B-4433-8091-BFF7D041D824}.Release|x64.Build.0 = Release|x64
		{EC58EEE5-B05B-4433-8091-BFF7D041D824}.Release|x86.ActiveCfg = Release|Win32
		{EC58EEE5-B05B-4433-8091-BFF7D041D824}.Release|x86.Build.0 = Release|Win32
		{0943782F-AA15-4026-91E4-9CF80C95BA62}.Debug|x64.ActiveCfg = Debug|x64
		{0943782F-AA15-4026-91E4-9CF80C95BA62}.Debug|x64.Build.0 = Debug|x64
		{0943782F-AA15-4026-91E4-9CF80C95BA62}.Debug|x86.ActiveCfg = Debug|Win32
		{0943782F-AA15-4026-91E4-9CF80C95BA62}.Debug|x86.Build.0 = Debug|Win32
		{0943782F-AA15-4026-91E4-9CF80C95BA62}.Release|x64.ActiveCfg = Release|x64
		{0943782F-AA15-4026-91E4-9CF80C95BA62}.Release|x64.Build.0 = Release|x64
		{0943782F-AA15-4026-91E4-9CF80C95BA62}.Release|x86.ActiveCfg = Release|Win32
		{0943782F-AA15-4026-91E4-9CF80C95BA62}.Release|x86.Build.0 = Release|Win32
		{17F90A11-E2EC-447E-AB02-C85C2ACCA13D}.Debug|x64.ActiveCfg = Debug|x64
		{17F90A11-E2EC-447E-AB02-C85C2ACCA13D}.Debug|x64.Build.0 = Debug|x64
		{17F90A11-E2EC-447E-AB02-C85C2ACCA13D}.Debug|x86.ActiveCfg = Debug|Win32
		{17F90A11-E2EC-447E-AB02-C85C2ACCA13D}.Debug|x86.Build.0 = Debug|Win32
		{17F90A11-E2EC-447E-AB02-C85C2ACCA13D}.Release|x64.ActiveCfg = Release|x64
		{17F90A11-E2EC-447E-AB02-C85C2ACCA13D}.Release|x64.Build.0 = Release|x64
		{17F90A11-E2EC-447E-AB02-C85C2ACCA13D}.Release|x86.ActiveCfg = Release|Win32
		{17F90A11-E2EC-447E-AB02-C85C2ACCA13D}.Release|x86.Build.0 = Release|Win32
		{0689FA43-FA70-4A23-B904-7DAF55FBC573}.Debug|x64.ActiveCfg = Debug|x64
		{0689FA43-FA70-4A23-B904-7DAF55FBC573}.Debug|x64.Build.0 = Debug|x64
		{0689FA43-FA70-4A23-B904-7DAF55FBC573}.Debug|x86.ActiveCfg = Debug|Win32
		{0689FA43-FA70-4A23-B904-7DAF55FBC573}.Debug|x86.Build.0 = Debug|Win32
		{0689FA43-FA70-4A23-B904-7DAF55FBC573}.Release|x64.ActiveCfg = Release|x64
		{0689FA43-FA70-4A23-B904-7DAF55FBC573}.Release|x64.Build.0 = Release|x64
		{0689FA43-FA70-4A23-B904-7DAF55FBC573}.Release|x86.ActiveCfg = Release|Win32
		{0689FA43-FA70-4A23-B904-7DAF55FBC573}.Release|x86.Build.0 = Release|Win32
		{19957504-0016-46C8-8E09-830618A88C10}.Debug|x64.ActiveCfg = Debug|x64
		{19957504-0016-46C8-8E09-830618A88C10}.Debug|x64.Build.0 = Debug|x64
		{19957504-0016-46C8-8E09-830618A88C10}.Debug|x86.ActiveCfg = Debug|Win32
		{19957504-0016-46C8-8E09-830618A88C10}.Debug|x86.Build.0 = Debug|Win32
		{19957504-0016-46C8-8E09-830618A88C10}.Release|x64.ActiveCfg = Release|x64
		{19957504-0016-46C8-8E09-830618A88C10}.Release|x64.Build.0 = Release|x64
		{19957504-0016-46C8-8E09-830618A88C10}.Release|x86.ActiveCfg = Release|Win32
		{19957504-0016-46C8-8E09-830618A88C10}.Release|x86.Build.0 = Release|Win32
		{0B95F067-441F-4CD1-BCB2-A08C1B350521}.Debug|x64.ActiveCfg = Debug|x64
		{0B95F067-441F-4CD1-BCB2-A08C1B350521}.Debug|x64.Build.0 = Debug|x64
		{0B95F067-441F-4CD1-BCB2-A08C1B350521}.Debug|x86.ActiveCfg = Debug|Win32
		{0B95F067-441F-4CD1-BCB2-A08C1B350521}.Debug|x86.Build.0 = Debug|Win32
		{0B95F067-441F-4CD1-BCB2-A08C1B350521}.Release|x64.ActiveCfg = Release|x64
		{0B95F067-441F-4CD1-BCB2-A08C1B350521}.Release|x64.Build.0 = Release|x64
		{0B95F067-441F-4CD1-BCB2-A08C1B350521}.Release|x86.ActiveCfg = Release|Win32
		{0B95F067-441F-4CD1-BCB2-A08C1B350521}.Release|x86.Build.0 = Release|Win32
		{65C5BBA7-961C-4C9A-B365-8B8B13015208}.Debug|x64.ActiveCfg = Debug|x64
		{65C5BBA7-961C-4C9A-B365-8B8B13015208}.Debug|x64.Build.0 = Debug|x64
		{65C5BBA7-961C-4C9A-B365-8B8B13015208}.Debug|x86.ActiveCfg = Debug|Win32
		{65C5BBA7-961C-4C9A-B365-8B8B13015208}.Debug|x86.Build.0 = Debug|Win32
		{65C5BBA7-961C-4C9A-B365-8B8B13015208}.Release|x64.ActiveCfg = Release|x64
		{65C5BBA7-961C-4C9A-B365-8B8B13015208}.Release|x64.Build.0 = Release|x64
		{65C5BBA7-961C-4C9A-B365-8B8B13015208}.Release|x86.ActiveCfg = Release|Win32
		{65C5BBA7-961C-4C9A-B365-8B8B13015208}.Release|x86.Build.0 = Release|Win32
		{8DC336C0-4F61-408D-BB33-03FB9473158F}.Debug|x64.ActiveCfg = Debug|x64
		{8DC336C0-4F61-408D-BB33-03FB9473158F}.Debug|x64.Build.0 = Debug|x64
		{8DC336C0-4F61-408D-BB33-03FB9473158F}.Debug|x86.ActiveCfg = Debug|Win32
		{8DC336C0-4F61-408D-BB33-03FB9473158F}.Debug|x86.Build.0 = Debug|Win32
		{8DC336C0-4F61-408D-BB33-03FB9473158F}.Release|x64.ActiveCfg = Release|x64
		{8DC336C0-4F61-408D-BB33-03FB9473158F}.Release|x64.Build.0 = Release|x64
		{8DC336C0-4F61-408D-BB33-03FB9473158F}.Release|x86.ActiveCfg = Release|Win32
		{8DC336C0-4F61-408D-BB33-03FB9473158F}.Release|x86.Build.0 = Release|Win32
		{7CA8FCEA-7E2C-4C8D-AB01-ACC9CD8A0282}.Debug|x64.ActiveCfg = Debug|x64
		{7CA8FCEA-7E2C-4C8D-AB01-ACC9CD8A0282}.Debug|x64.Build.0 = Debug|x64
		{7CA8FCEA-7E2C-4C8D-AB01-ACC9CD8A0282}.Debug|x86.ActiveCfg = Debug|Win32
		{7CA8FCEA-7E2C-4C8D-AB01-ACC9CD8A0282}.Debug|x86.Build.0 = Debug|Win32
		{7CA8FCEA-7E2C-4C8D-AB01-ACC9CD8A0282}.Release|x64.ActiveCfg = Release|x64
		{7CA8FCEA-7E2C-4C8D-AB01-ACC9CD8A0282}.Release|x64.Build.0 = Release|x64
		{7CA8FCEA-7E2C-4C8D-AB01-ACC9CD8A0282}.Release|x86.ActiveCfg = Release|Win32
		{7CA8FCEA-7E2C-4C8D-AB01-ACC9CD8A0282}.Release|x86.Build.0 = Release|Win32
	EndGlobalSection
	GlobalSection(SolutionProperties) = preSolution
		HideSolutionNode = FALSE
	EndGlobalSection
	GlobalSection(ExtensibilityGlobals) = postSolution
		SolutionGuid = {E722BA81-0E5F-460E-8C61-BF8425466FA1}
	EndGlobalSection
EndGlobal
