
Microsoft Visual Studio Solution File, Format Version 12.00
# Visual Studio Version 17
VisualStudioVersion = 17.7.34024.191
MinimumVisualStudioVersion = 10.0.40219.1
Project("{8BC9CEB8-8B4A-11D0-8D11-00A0C91BC942}") = "Lab-5", "Lab-5\Lab-5.vcxproj", "{3E3DBE5D-8A8C-4659-9675-FBA401B43D34}"
EndProject
Project("{8BC9CEB8-8B4A-11D0-8D11-00A0C91BC942}") = "Task2", "Task2\Task2.vcxproj", "{B1FB32E3-C6D0-4777-BD0D-9531D23C4696}"
EndProject
Project("{8BC9CEB8-8B4A-11D0-8D11-00A0C91BC942}") = "Task3", "Task3\Task3.vcxproj", "{5C53E5FE-3862-405D-B47E-CC4A042A9EDB}"
EndProject
Project("{8BC9CEB8-8B4A-11D0-8D11-00A0C91BC942}") = "Task2X", "Task2X\Task2X.vcxproj", "{4E5BAD62-98E7-4068-9AEC-0291EFEB7BCA}"
EndProject
Global
	GlobalSection(SolutionConfigurationPlatforms) = preSolution
		Debug|x64 = Debug|x64
		Debug|x86 = Debug|x86
		Release|x64 = Release|x64
		Release|x86 = Release|x86
	EndGlobalSection
	GlobalSection(ProjectConfigurationPlatforms) = postSolution
		{3E3DBE5D-8A8C-4659-9675-FBA401B43D34}.Debug|x64.ActiveCfg = Debug|x64
		{3E3DBE5D-8A8C-4659-9675-FBA401B43D34}.Debug|x64.Build.0 = Debug|x64
		{3E3DBE5D-8A8C-4659-9675-FBA401B43D34}.Debug|x86.ActiveCfg = Debug|Win32
		{3E3DBE5D-8A8C-4659-9675-FBA401B43D34}.Debug|x86.Build.0 = Debug|Win32
		{3E3DBE5D-8A8C-4659-9675-FBA401B43D34}.Release|x64.ActiveCfg = Release|x64
		{3E3DBE5D-8A8C-4659-9675-FBA401B43D34}.Release|x64.Build.0 = Release|x64
		{3E3DBE5D-8A8C-4659-9675-FBA401B43D34}.Release|x86.ActiveCfg = Release|Win32
		{3E3DBE5D-8A8C-4659-9675-FBA401B43D34}.Release|x86.Build.0 = Release|Win32
		{B1FB32E3-C6D0-4777-BD0D-9531D23C4696}.Debug|x64.ActiveCfg = Debug|x64
		{B1FB32E3-C6D0-4777-BD0D-9531D23C4696}.Debug|x64.Build.0 = Debug|x64
		{B1FB32E3-C6D0-4777-BD0D-9531D23C4696}.Debug|x86.ActiveCfg = Debug|Win32
		{B1FB32E3-C6D0-4777-BD0D-9531D23C4696}.Debug|x86.Build.0 = Debug|Win32
		{B1FB32E3-C6D0-4777-BD0D-9531D23C4696}.Release|x64.ActiveCfg = Release|x64
		{B1FB32E3-C6D0-4777-BD0D-9531D23C4696}.Release|x64.Build.0 = Release|x64
		{B1FB32E3-C6D0-4777-BD0D-9531D23C4696}.Release|x86.ActiveCfg = Release|Win32
		{B1FB32E3-C6D0-4777-BD0D-9531D23C4696}.Release|x86.Build.0 = Release|Win32
		{5C53E5FE-3862-405D-B47E-CC4A042A9EDB}.Debug|x64.ActiveCfg = Debug|x64
		{5C53E5FE-3862-405D-B47E-CC4A042A9EDB}.Debug|x64.Build.0 = Debug|x64
		{5C53E5FE-3862-405D-B47E-CC4A042A9EDB}.Debug|x86.ActiveCfg = Debug|Win32
		{5C53E5FE-3862-405D-B47E-CC4A042A9EDB}.Debug|x86.Build.0 = Debug|Win32
		{5C53E5FE-3862-405D-B47E-CC4A042A9EDB}.Release|x64.ActiveCfg = Release|x64
		{5C53E5FE-3862-405D-B47E-CC4A042A9EDB}.Release|x64.Build.0 = Release|x64
		{5C53E5FE-3862-405D-B47E-CC4A042A9EDB}.Release|x86.ActiveCfg = Release|Win32
		{5C53E5FE-3862-405D-B47E-CC4A042A9EDB}.Release|x86.Build.0 = Release|Win32
		{4E5BAD62-98E7-4068-9AEC-0291EFEB7BCA}.Debug|x64.ActiveCfg = Debug|x64
		{4E5BAD62-98E7-4068-9AEC-0291EFEB7BCA}.Debug|x64.Build.0 = Debug|x64
		{4E5BAD62-98E7-4068-9AEC-0291EFEB7BCA}.Debug|x86.ActiveCfg = Debug|Win32
		{4E5BAD62-98E7-4068-9AEC-0291EFEB7BCA}.Debug|x86.Build.0 = Debug|Win32
		{4E5BAD62-98E7-4068-9AEC-0291EFEB7BCA}.Release|x64.ActiveCfg = Release|x64
		{4E5BAD62-98E7-4068-9AEC-0291EFEB7BCA}.Release|x64.Build.0 = Release|x64
		{4E5BAD62-98E7-4068-9AEC-0291EFEB7BCA}.Release|x86.ActiveCfg = Release|Win32
		{4E5BAD62-98E7-4068-9AEC-0291EFEB7BCA}.Release|x86.Build.0 = Release|Win32
	EndGlobalSection
	GlobalSection(SolutionProperties) = preSolution
		HideSolutionNode = FALSE
	EndGlobalSection
	GlobalSection(ExtensibilityGlobals) = postSolution
		SolutionGuid = {1BF3BCA4-8DA6-4EDE-8B44-7A5BAF92F670}
	EndGlobalSection
EndGlobal
